
Microsoft Visual Studio Solution File, Format Version 12.00
# Visual Studio Version 16
VisualStudioVersion = 16.0.31112.23
MinimumVisualStudioVersion = 10.0.40219.1
Project("{2150E333-8FDC-42A3-9474-1A3956D46DE8}") = "src", "src", "{DEA54B39-7AFE-4E4F-A013-07C45CF4C01C}"
EndProject
Project("{2150E333-8FDC-42A3-9474-1A3956D46DE8}") = "test", "test", "{DAFD2832-A1BB-48BC-B0EB-C69CEC2E0095}"
EndProject
Project("{2150E333-8FDC-42A3-9474-1A3956D46DE8}") = "samples", "samples", "{AB431640-FA5D-4700-92EB-BF2829CA9723}"
EndProject
Project("{9A19103F-16F7-4668-BE54-9A1E7A4F7556}") = "SqlServer.App", "samples\SqlServer.App\SqlServer.App.csproj", "{EECB2DFE-FE5E-45DE-B6E8-5B9A477E42E5}"
EndProject
Project("{9A19103F-16F7-4668-BE54-9A1E7A4F7556}") = "Infrastructure.Tests", "tests\Infrastructure.Tests\Infrastructure.Tests.csproj", "{86511281-442E-4C97-AB0C-9FE0C75D423A}"
EndProject
Project("{FAE04EC0-301F-11D3-BF4B-00C04F79EFBC}") = "Infrastructure", "src\Infrastructure\Infrastructure.csproj", "{9013539B-F240-423E-96F2-9CACEF6CBE56}"
EndProject
Project("{FAE04EC0-301F-11D3-BF4B-00C04F79EFBC}") = "Application", "src\Application\Application.csproj", "{070A92A7-AF99-4C85-9877-C6F2EA72CB85}"
EndProject
Project("{FAE04EC0-301F-11D3-BF4B-00C04F79EFBC}") = "Domain", "src\Domain\Domain.csproj", "{BBF5F726-4672-4138-861D-587EF3915AEB}"
EndProject
Global
	GlobalSection(SolutionConfigurationPlatforms) = preSolution
		Debug|Any CPU = Debug|Any CPU
		Release|Any CPU = Release|Any CPU
	EndGlobalSection
	GlobalSection(ProjectConfigurationPlatforms) = postSolution
		{EECB2DFE-FE5E-45DE-B6E8-5B9A477E42E5}.Debug|Any CPU.ActiveCfg = Debug|Any CPU
		{EECB2DFE-FE5E-45DE-B6E8-5B9A477E42E5}.Debug|Any CPU.Build.0 = Debug|Any CPU
		{EECB2DFE-FE5E-45DE-B6E8-5B9A477E42E5}.Release|Any CPU.ActiveCfg = Release|Any CPU
		{EECB2DFE-FE5E-45DE-B6E8-5B9A477E42E5}.Release|Any CPU.Build.0 = Release|Any CPU
		{86511281-442E-4C97-AB0C-9FE0C75D423A}.Debug|Any CPU.ActiveCfg = Debug|Any CPU
		{86511281-442E-4C97-AB0C-9FE0C75D423A}.Debug|Any CPU.Build.0 = Debug|Any CPU
		{86511281-442E-4C97-AB0C-9FE0C75D423A}.Release|Any CPU.ActiveCfg = Release|Any CPU
		{86511281-442E-4C97-AB0C-9FE0C75D423A}.Release|Any CPU.Build.0 = Release|Any CPU
		{9013539B-F240-423E-96F2-9CACEF6CBE56}.Debug|Any CPU.ActiveCfg = Debug|Any CPU
		{9013539B-F240-423E-96F2-9CACEF6CBE56}.Debug|Any CPU.Build.0 = Debug|Any CPU
		{9013539B-F240-423E-96F2-9CACEF6CBE56}.Release|Any CPU.ActiveCfg = Release|Any CPU
		{9013539B-F240-423E-96F2-9CACEF6CBE56}.Release|Any CPU.Build.0 = Release|Any CPU
		{070A92A7-AF99-4C85-9877-C6F2EA72CB85}.Debug|Any CPU.ActiveCfg = Debug|Any CPU
		{070A92A7-AF99-4C85-9877-C6F2EA72CB85}.Debug|Any CPU.Build.0 = Debug|Any CPU
		{070A92A7-AF99-4C85-9877-C6F2EA72CB85}.Release|Any CPU.ActiveCfg = Release|Any CPU
		{070A92A7-AF99-4C85-9877-C6F2EA72CB85}.Release|Any CPU.Build.0 = Release|Any CPU
		{BBF5F726-4672-4138-861D-587EF3915AEB}.Debug|Any CPU.ActiveCfg = Debug|Any CPU
		{BBF5F726-4672-4138-861D-587EF3915AEB}.Debug|Any CPU.Build.0 = Debug|Any CPU
		{BBF5F726-4672-4138-861D-587EF3915AEB}.Release|Any CPU.ActiveCfg = Release|Any CPU
		{BBF5F726-4672-4138-861D-587EF3915AEB}.Release|Any CPU.Build.0 = Release|Any CPU
	EndGlobalSection
	GlobalSection(SolutionProperties) = preSolution
		HideSolutionNode = FALSE
	EndGlobalSection
	GlobalSection(NestedProjects) = preSolution
		{EECB2DFE-FE5E-45DE-B6E8-5B9A477E42E5} = {AB431640-FA5D-4700-92EB-BF2829CA9723}
		{86511281-442E-4C97-AB0C-9FE0C75D423A} = {DAFD2832-A1BB-48BC-B0EB-C69CEC2E0095}
		{9013539B-F240-423E-96F2-9CACEF6CBE56} = {DEA54B39-7AFE-4E4F-A013-07C45CF4C01C}
		{070A92A7-AF99-4C85-9877-C6F2EA72CB85} = {DEA54B39-7AFE-4E4F-A013-07C45CF4C01C}
		{BBF5F726-4672-4138-861D-587EF3915AEB} = {DEA54B39-7AFE-4E4F-A013-07C45CF4C01C}
	EndGlobalSection
	GlobalSection(ExtensibilityGlobals) = postSolution
		SolutionGuid = {B122591C-F0BE-4032-B1ED-5285D198AA8D}
	EndGlobalSection
EndGlobal
